
Microsoft Visual Studio Solution File, Format Version 12.00
# Visual Studio Version 17
VisualStudioVersion = 17.9.34902.65
MinimumVisualStudioVersion = 10.0.40219.1
Project("{FAE04EC0-301F-11D3-BF4B-00C04F79EFBC}") = "Solid.ConsoleApp", "Solid.ConsoleApp\Solid.ConsoleApp.csproj", "{792B4A6C-569F-4B48-A858-DF211C130F88}"
EndProject
Project("{FAE04EC0-301F-11D3-BF4B-00C04F79EFBC}") = "DesignPatterns.ConsoleApp", "DesignPatterns.ConsoleApp\DesignPatterns.ConsoleApp.csproj", "{32F6BE8D-E8F2-43C9-9BD4-50EF5BBE8EED}"
EndProject
Global
	GlobalSection(SolutionConfigurationPlatforms) = preSolution
		Debug|Any CPU = Debug|Any CPU
		Release|Any CPU = Release|Any CPU
	EndGlobalSection
	GlobalSection(ProjectConfigurationPlatforms) = postSolution
		{792B4A6C-569F-4B48-A858-DF211C130F88}.Debug|Any CPU.ActiveCfg = Debug|Any CPU
		{792B4A6C-569F-4B48-A858-DF211C130F88}.Debug|Any CPU.Build.0 = Debug|Any CPU
		{792B4A6C-569F-4B48-A858-DF211C130F88}.Release|Any CPU.ActiveCfg = Release|Any CPU
		{792B4A6C-569F-4B48-A858-DF211C130F88}.Release|Any CPU.Build.0 = Release|Any CPU
		{32F6BE8D-E8F2-43C9-9BD4-50EF5BBE8EED}.Debug|Any CPU.ActiveCfg = Debug|Any CPU
		{32F6BE8D-E8F2-43C9-9BD4-50EF5BBE8EED}.Debug|Any CPU.Build.0 = Debug|Any CPU
		{32F6BE8D-E8F2-43C9-9BD4-50EF5BBE8EED}.Release|Any CPU.ActiveCfg = Release|Any CPU
		{32F6BE8D-E8F2-43C9-9BD4-50EF5BBE8EED}.Release|Any CPU.Build.0 = Release|Any CPU
	EndGlobalSection
	GlobalSection(SolutionProperties) = preSolution
		HideSolutionNode = FALSE
	EndGlobalSection
	GlobalSection(ExtensibilityGlobals) = postSolution
		SolutionGuid = {80585DA9-C521-4973-89C7-E4121D1F337C}
	EndGlobalSection
EndGlobal
